
Microsoft Visual Studio Solution File, Format Version 12.00
# Visual Studio Version 17
VisualStudioVersion = 17.8.34316.72
MinimumVisualStudioVersion = 10.0.40219.1
Project("{FAE04EC0-301F-11D3-BF4B-00C04F79EFBC}") = "Acivator Windows", "Acivator Windows\Acivator Windows.csproj", "{AA5FBF27-1081-47FE-903D-4A2D1245E581}"
EndProject
Global
	GlobalSection(SolutionConfigurationPlatforms) = preSolution
		Debug|Any CPU = Debug|Any CPU
		Release|Any CPU = Release|Any CPU
	EndGlobalSection
	GlobalSection(ProjectConfigurationPlatforms) = postSolution
		{AA5FBF27-1081-47FE-903D-4A2D1245E581}.Debug|Any CPU.ActiveCfg = Debug|Any CPU
		{AA5FBF27-1081-47FE-903D-4A2D1245E581}.Debug|Any CPU.Build.0 = Debug|Any CPU
		{AA5FBF27-1081-47FE-903D-4A2D1245E581}.Release|Any CPU.ActiveCfg = Release|Any CPU
		{AA5FBF27-1081-47FE-903D-4A2D1245E581}.Release|Any CPU.Build.0 = Release|Any CPU
	EndGlobalSection
	GlobalSection(SolutionProperties) = preSolution
		HideSolutionNode = FALSE
	EndGlobalSection
	GlobalSection(ExtensibilityGlobals) = postSolution
		SolutionGuid = {1B680A38-63E3-4A61-A1AF-8537AB4210A2}
	EndGlobalSection
EndGlobal
